
Microsoft Visual Studio Solution File, Format Version 12.00
# Visual Studio 14
VisualStudioVersion = 14.0.25420.1
MinimumVisualStudioVersion = 10.0.40219.1
Project("{8BC9CEB8-8B4A-11D0-8D11-00A0C91BC942}") = "tbl2bin", "tbl2bin\tbl2bin.vcxproj", "{72C73768-5B89-47D5-97BE-C6B28BF2F679}"
EndProject
Project("{8BC9CEB8-8B4A-11D0-8D11-00A0C91BC942}") = "Longinus", "Longinus\Longinus.vcxproj", "{44556F8F-597F-4AEE-9A5A-9B12B9F5E320}"
EndProject
Project("{8BC9CEB8-8B4A-11D0-8D11-00A0C91BC942}") = "Longinus_Start", "Longinus_Start\Longinus_Start.vcxproj", "{B92E7BCE-009E-4737-B749-E0839F9D7F34}"
EndProject
Global
	GlobalSection(SolutionConfigurationPlatforms) = preSolution
		Debug|x64 = Debug|x64
		Debug|x86 = Debug|x86
		Release|x64 = Release|x64
		Release|x86 = Release|x86
	EndGlobalSection
	GlobalSection(ProjectConfigurationPlatforms) = postSolution
		{72C73768-5B89-47D5-97BE-C6B28BF2F679}.Debug|x64.ActiveCfg = Debug|x64
		{72C73768-5B89-47D5-97BE-C6B28BF2F679}.Debug|x64.Build.0 = Debug|x64
		{72C73768-5B89-47D5-97BE-C6B28BF2F679}.Debug|x86.ActiveCfg = Debug|Win32
		{72C73768-5B89-47D5-97BE-C6B28BF2F679}.Debug|x86.Build.0 = Debug|Win32
		{72C73768-5B89-47D5-97BE-C6B28BF2F679}.Release|x64.ActiveCfg = Release|x64
		{72C73768-5B89-47D5-97BE-C6B28BF2F679}.Release|x64.Build.0 = Release|x64
		{72C73768-5B89-47D5-97BE-C6B28BF2F679}.Release|x86.ActiveCfg = Release|Win32
		{72C73768-5B89-47D5-97BE-C6B28BF2F679}.Release|x86.Build.0 = Release|Win32
		{44556F8F-597F-4AEE-9A5A-9B12B9F5E320}.Debug|x64.ActiveCfg = Debug|x64
		{44556F8F-597F-4AEE-9A5A-9B12B9F5E320}.Debug|x64.Build.0 = Debug|x64
		{44556F8F-597F-4AEE-9A5A-9B12B9F5E320}.Debug|x86.ActiveCfg = Debug|Win32
		{44556F8F-597F-4AEE-9A5A-9B12B9F5E320}.Debug|x86.Build.0 = Debug|Win32
		{44556F8F-597F-4AEE-9A5A-9B12B9F5E320}.Release|x64.ActiveCfg = Release|x64
		{44556F8F-597F-4AEE-9A5A-9B12B9F5E320}.Release|x64.Build.0 = Release|x64
		{44556F8F-597F-4AEE-9A5A-9B12B9F5E320}.Release|x86.ActiveCfg = Release|Win32
		{44556F8F-597F-4AEE-9A5A-9B12B9F5E320}.Release|x86.Build.0 = Release|Win32
		{B92E7BCE-009E-4737-B749-E0839F9D7F34}.Debug|x64.ActiveCfg = Debug|x64
		{B92E7BCE-009E-4737-B749-E0839F9D7F34}.Debug|x64.Build.0 = Debug|x64
		{B92E7BCE-009E-4737-B749-E0839F9D7F34}.Debug|x86.ActiveCfg = Debug|Win32
		{B92E7BCE-009E-4737-B749-E0839F9D7F34}.Debug|x86.Build.0 = Debug|Win32
		{B92E7BCE-009E-4737-B749-E0839F9D7F34}.Release|x64.ActiveCfg = Release|x64
		{B92E7BCE-009E-4737-B749-E0839F9D7F34}.Release|x64.Build.0 = Release|x64
		{B92E7BCE-009E-4737-B749-E0839F9D7F34}.Release|x86.ActiveCfg = Release|Win32
		{B92E7BCE-009E-4737-B749-E0839F9D7F34}.Release|x86.Build.0 = Release|Win32
	EndGlobalSection
	GlobalSection(SolutionProperties) = preSolution
		HideSolutionNode = FALSE
	EndGlobalSection
EndGlobal
